
Microsoft Visual Studio Solution File, Format Version 12.00
# Visual Studio 15
VisualStudioVersion = 15.0.26124.0
MinimumVisualStudioVersion = 15.0.26124.0
Project("{2150E333-8FDC-42A3-9474-1A3956D46DE8}") = "src", "src", "{2C7C38C2-FEFA-4B88-A9E5-23A3A0AC9974}"
EndProject
Project("{FAE04EC0-301F-11D3-BF4B-00C04F79EFBC}") = "MicSer.Explorer", "src\MicSer.Explorer\MicSer.Explorer.csproj", "{35411AFB-1357-4528-96D0-2F94839C6E6E}"
EndProject
Project("{FAE04EC0-301F-11D3-BF4B-00C04F79EFBC}") = "MicSer.ExplorerApi", "src\MicSer.ExplorerApi\MicSer.ExplorerApi.csproj", "{7E1797EA-206A-44C5-95CA-7A994A18BC93}"
EndProject
Project("{FAE04EC0-301F-11D3-BF4B-00C04F79EFBC}") = "MicSer.TracedApi", "src\MicSer.TracedApi\MicSer.TracedApi.csproj", "{5EE7C3D7-7951-44AF-B250-18BC8365B04C}"
EndProject
Project("{FAE04EC0-301F-11D3-BF4B-00C04F79EFBC}") = "MicSer.TracedConsumer", "src\MicSer.TracedConsumer\MicSer.TracedConsumer.csproj", "{1E8C902D-6809-4CAC-8E7A-C5BDBB27A3F3}"
EndProject
Project("{FAE04EC0-301F-11D3-BF4B-00C04F79EFBC}") = "MicSer.BlockExplorer", "src\MicSer.BlockExplorer\MicSer.BlockExplorer.csproj", "{7B9D4793-F937-4B03-BF21-BE86A2166474}"
EndProject
Project("{FAE04EC0-301F-11D3-BF4B-00C04F79EFBC}") = "MicSer.Identity", "src\MicSer.Identity\MicSer.Identity.csproj", "{F32D5553-D6F1-4AB4-B35C-A656F2480F58}"
EndProject
Project("{FAE04EC0-301F-11D3-BF4B-00C04F79EFBC}") = "MicSer.SecuredApi", "src\MicSer.SecuredApi\MicSer.SecuredApi.csproj", "{901C3320-5CC7-4714-B9CC-E52508CAD1DA}"
EndProject
Global
	GlobalSection(SolutionConfigurationPlatforms) = preSolution
		Debug|Any CPU = Debug|Any CPU
		Debug|x64 = Debug|x64
		Debug|x86 = Debug|x86
		Release|Any CPU = Release|Any CPU
		Release|x64 = Release|x64
		Release|x86 = Release|x86
	EndGlobalSection
	GlobalSection(SolutionProperties) = preSolution
		HideSolutionNode = FALSE
	EndGlobalSection
	GlobalSection(ProjectConfigurationPlatforms) = postSolution
		{35411AFB-1357-4528-96D0-2F94839C6E6E}.Debug|Any CPU.ActiveCfg = Debug|Any CPU
		{35411AFB-1357-4528-96D0-2F94839C6E6E}.Debug|Any CPU.Build.0 = Debug|Any CPU
		{35411AFB-1357-4528-96D0-2F94839C6E6E}.Debug|x64.ActiveCfg = Debug|Any CPU
		{35411AFB-1357-4528-96D0-2F94839C6E6E}.Debug|x64.Build.0 = Debug|Any CPU
		{35411AFB-1357-4528-96D0-2F94839C6E6E}.Debug|x86.ActiveCfg = Debug|Any CPU
		{35411AFB-1357-4528-96D0-2F94839C6E6E}.Debug|x86.Build.0 = Debug|Any CPU
		{35411AFB-1357-4528-96D0-2F94839C6E6E}.Release|Any CPU.ActiveCfg = Release|Any CPU
		{35411AFB-1357-4528-96D0-2F94839C6E6E}.Release|Any CPU.Build.0 = Release|Any CPU
		{35411AFB-1357-4528-96D0-2F94839C6E6E}.Release|x64.ActiveCfg = Release|Any CPU
		{35411AFB-1357-4528-96D0-2F94839C6E6E}.Release|x64.Build.0 = Release|Any CPU
		{35411AFB-1357-4528-96D0-2F94839C6E6E}.Release|x86.ActiveCfg = Release|Any CPU
		{35411AFB-1357-4528-96D0-2F94839C6E6E}.Release|x86.Build.0 = Release|Any CPU
		{7E1797EA-206A-44C5-95CA-7A994A18BC93}.Debug|Any CPU.ActiveCfg = Debug|Any CPU
		{7E1797EA-206A-44C5-95CA-7A994A18BC93}.Debug|Any CPU.Build.0 = Debug|Any CPU
		{7E1797EA-206A-44C5-95CA-7A994A18BC93}.Debug|x64.ActiveCfg = Debug|Any CPU
		{7E1797EA-206A-44C5-95CA-7A994A18BC93}.Debug|x64.Build.0 = Debug|Any CPU
		{7E1797EA-206A-44C5-95CA-7A994A18BC93}.Debug|x86.ActiveCfg = Debug|Any CPU
		{7E1797EA-206A-44C5-95CA-7A994A18BC93}.Debug|x86.Build.0 = Debug|Any CPU
		{7E1797EA-206A-44C5-95CA-7A994A18BC93}.Release|Any CPU.ActiveCfg = Release|Any CPU
		{7E1797EA-206A-44C5-95CA-7A994A18BC93}.Release|Any CPU.Build.0 = Release|Any CPU
		{7E1797EA-206A-44C5-95CA-7A994A18BC93}.Release|x64.ActiveCfg = Release|Any CPU
		{7E1797EA-206A-44C5-95CA-7A994A18BC93}.Release|x64.Build.0 = Release|Any CPU
		{7E1797EA-206A-44C5-95CA-7A994A18BC93}.Release|x86.ActiveCfg = Release|Any CPU
		{7E1797EA-206A-44C5-95CA-7A994A18BC93}.Release|x86.Build.0 = Release|Any CPU
		{5EE7C3D7-7951-44AF-B250-18BC8365B04C}.Debug|Any CPU.ActiveCfg = Debug|Any CPU
		{5EE7C3D7-7951-44AF-B250-18BC8365B04C}.Debug|Any CPU.Build.0 = Debug|Any CPU
		{5EE7C3D7-7951-44AF-B250-18BC8365B04C}.Debug|x64.ActiveCfg = Debug|Any CPU
		{5EE7C3D7-7951-44AF-B250-18BC8365B04C}.Debug|x64.Build.0 = Debug|Any CPU
		{5EE7C3D7-7951-44AF-B250-18BC8365B04C}.Debug|x86.ActiveCfg = Debug|Any CPU
		{5EE7C3D7-7951-44AF-B250-18BC8365B04C}.Debug|x86.Build.0 = Debug|Any CPU
		{5EE7C3D7-7951-44AF-B250-18BC8365B04C}.Release|Any CPU.ActiveCfg = Release|Any CPU
		{5EE7C3D7-7951-44AF-B250-18BC8365B04C}.Release|Any CPU.Build.0 = Release|Any CPU
		{5EE7C3D7-7951-44AF-B250-18BC8365B04C}.Release|x64.ActiveCfg = Release|Any CPU
		{5EE7C3D7-7951-44AF-B250-18BC8365B04C}.Release|x64.Build.0 = Release|Any CPU
		{5EE7C3D7-7951-44AF-B250-18BC8365B04C}.Release|x86.ActiveCfg = Release|Any CPU
		{5EE7C3D7-7951-44AF-B250-18BC8365B04C}.Release|x86.Build.0 = Release|Any CPU
		{1E8C902D-6809-4CAC-8E7A-C5BDBB27A3F3}.Debug|Any CPU.ActiveCfg = Debug|Any CPU
		{1E8C902D-6809-4CAC-8E7A-C5BDBB27A3F3}.Debug|Any CPU.Build.0 = Debug|Any CPU
		{1E8C902D-6809-4CAC-8E7A-C5BDBB27A3F3}.Debug|x64.ActiveCfg = Debug|Any CPU
		{1E8C902D-6809-4CAC-8E7A-C5BDBB27A3F3}.Debug|x64.Build.0 = Debug|Any CPU
		{1E8C902D-6809-4CAC-8E7A-C5BDBB27A3F3}.Debug|x86.ActiveCfg = Debug|Any CPU
		{1E8C902D-6809-4CAC-8E7A-C5BDBB27A3F3}.Debug|x86.Build.0 = Debug|Any CPU
		{1E8C902D-6809-4CAC-8E7A-C5BDBB27A3F3}.Release|Any CPU.ActiveCfg = Release|Any CPU
		{1E8C902D-6809-4CAC-8E7A-C5BDBB27A3F3}.Release|Any CPU.Build.0 = Release|Any CPU
		{1E8C902D-6809-4CAC-8E7A-C5BDBB27A3F3}.Release|x64.ActiveCfg = Release|Any CPU
		{1E8C902D-6809-4CAC-8E7A-C5BDBB27A3F3}.Release|x64.Build.0 = Release|Any CPU
		{1E8C902D-6809-4CAC-8E7A-C5BDBB27A3F3}.Release|x86.ActiveCfg = Release|Any CPU
		{1E8C902D-6809-4CAC-8E7A-C5BDBB27A3F3}.Release|x86.Build.0 = Release|Any CPU
		{7B9D4793-F937-4B03-BF21-BE86A2166474}.Debug|Any CPU.ActiveCfg = Debug|Any CPU
		{7B9D4793-F937-4B03-BF21-BE86A2166474}.Debug|Any CPU.Build.0 = Debug|Any CPU
		{7B9D4793-F937-4B03-BF21-BE86A2166474}.Debug|x64.ActiveCfg = Debug|Any CPU
		{7B9D4793-F937-4B03-BF21-BE86A2166474}.Debug|x64.Build.0 = Debug|Any CPU
		{7B9D4793-F937-4B03-BF21-BE86A2166474}.Debug|x86.ActiveCfg = Debug|Any CPU
		{7B9D4793-F937-4B03-BF21-BE86A2166474}.Debug|x86.Build.0 = Debug|Any CPU
		{7B9D4793-F937-4B03-BF21-BE86A2166474}.Release|Any CPU.ActiveCfg = Release|Any CPU
		{7B9D4793-F937-4B03-BF21-BE86A2166474}.Release|Any CPU.Build.0 = Release|Any CPU
		{7B9D4793-F937-4B03-BF21-BE86A2166474}.Release|x64.ActiveCfg = Release|Any CPU
		{7B9D4793-F937-4B03-BF21-BE86A2166474}.Release|x64.Build.0 = Release|Any CPU
		{7B9D4793-F937-4B03-BF21-BE86A2166474}.Release|x86.ActiveCfg = Release|Any CPU
		{7B9D4793-F937-4B03-BF21-BE86A2166474}.Release|x86.Build.0 = Release|Any CPU
		{F32D5553-D6F1-4AB4-B35C-A656F2480F58}.Debug|Any CPU.ActiveCfg = Debug|Any CPU
		{F32D5553-D6F1-4AB4-B35C-A656F2480F58}.Debug|Any CPU.Build.0 = Debug|Any CPU
		{F32D5553-D6F1-4AB4-B35C-A656F2480F58}.Debug|x64.ActiveCfg = Debug|Any CPU
		{F32D5553-D6F1-4AB4-B35C-A656F2480F58}.Debug|x64.Build.0 = Debug|Any CPU
		{F32D5553-D6F1-4AB4-B35C-A656F2480F58}.Debug|x86.ActiveCfg = Debug|Any CPU
		{F32D5553-D6F1-4AB4-B35C-A656F2480F58}.Debug|x86.Build.0 = Debug|Any CPU
		{F32D5553-D6F1-4AB4-B35C-A656F2480F58}.Release|Any CPU.ActiveCfg = Release|Any CPU
		{F32D5553-D6F1-4AB4-B35C-A656F2480F58}.Release|Any CPU.Build.0 = Release|Any CPU
		{F32D5553-D6F1-4AB4-B35C-A656F2480F58}.Release|x64.ActiveCfg = Release|Any CPU
		{F32D5553-D6F1-4AB4-B35C-A656F2480F58}.Release|x64.Build.0 = Release|Any CPU
		{F32D5553-D6F1-4AB4-B35C-A656F2480F58}.Release|x86.ActiveCfg = Release|Any CPU
		{F32D5553-D6F1-4AB4-B35C-A656F2480F58}.Release|x86.Build.0 = Release|Any CPU
		{901C3320-5CC7-4714-B9CC-E52508CAD1DA}.Debug|Any CPU.ActiveCfg = Debug|Any CPU
		{901C3320-5CC7-4714-B9CC-E52508CAD1DA}.Debug|Any CPU.Build.0 = Debug|Any CPU
		{901C3320-5CC7-4714-B9CC-E52508CAD1DA}.Debug|x64.ActiveCfg = Debug|Any CPU
		{901C3320-5CC7-4714-B9CC-E52508CAD1DA}.Debug|x64.Build.0 = Debug|Any CPU
		{901C3320-5CC7-4714-B9CC-E52508CAD1DA}.Debug|x86.ActiveCfg = Debug|Any CPU
		{901C3320-5CC7-4714-B9CC-E52508CAD1DA}.Debug|x86.Build.0 = Debug|Any CPU
		{901C3320-5CC7-4714-B9CC-E52508CAD1DA}.Release|Any CPU.ActiveCfg = Release|Any CPU
		{901C3320-5CC7-4714-B9CC-E52508CAD1DA}.Release|Any CPU.Build.0 = Release|Any CPU
		{901C3320-5CC7-4714-B9CC-E52508CAD1DA}.Release|x64.ActiveCfg = Release|Any CPU
		{901C3320-5CC7-4714-B9CC-E52508CAD1DA}.Release|x64.Build.0 = Release|Any CPU
		{901C3320-5CC7-4714-B9CC-E52508CAD1DA}.Release|x86.ActiveCfg = Release|Any CPU
		{901C3320-5CC7-4714-B9CC-E52508CAD1DA}.Release|x86.Build.0 = Release|Any CPU
	EndGlobalSection
	GlobalSection(NestedProjects) = preSolution
		{35411AFB-1357-4528-96D0-2F94839C6E6E} = {2C7C38C2-FEFA-4B88-A9E5-23A3A0AC9974}
		{7E1797EA-206A-44C5-95CA-7A994A18BC93} = {2C7C38C2-FEFA-4B88-A9E5-23A3A0AC9974}
		{5EE7C3D7-7951-44AF-B250-18BC8365B04C} = {2C7C38C2-FEFA-4B88-A9E5-23A3A0AC9974}
		{1E8C902D-6809-4CAC-8E7A-C5BDBB27A3F3} = {2C7C38C2-FEFA-4B88-A9E5-23A3A0AC9974}
		{7B9D4793-F937-4B03-BF21-BE86A2166474} = {2C7C38C2-FEFA-4B88-A9E5-23A3A0AC9974}
		{F32D5553-D6F1-4AB4-B35C-A656F2480F58} = {2C7C38C2-FEFA-4B88-A9E5-23A3A0AC9974}
		{901C3320-5CC7-4714-B9CC-E52508CAD1DA} = {2C7C38C2-FEFA-4B88-A9E5-23A3A0AC9974}
	EndGlobalSection
EndGlobal
